
Microsoft Visual Studio Solution File, Format Version 11.00
# Visual Studio 2010
Project("{FAE04EC0-301F-11D3-BF4B-00C04F79EFBC}") = "WOWAntiKeylogger", "WOWAntiKeylogger\WOWAntiKeylogger.csproj", "{34A6F0DF-3AD5-4D0F-9193-F44D022948EF}"
EndProject
Global
	GlobalSection(SolutionConfigurationPlatforms) = preSolution
		Debug|x86 = Debug|x86
		Release|x86 = Release|x86
	EndGlobalSection
	GlobalSection(ProjectConfigurationPlatforms) = postSolution
		{34A6F0DF-3AD5-4D0F-9193-F44D022948EF}.Debug|x86.ActiveCfg = Release|x86
		{34A6F0DF-3AD5-4D0F-9193-F44D022948EF}.Debug|x86.Build.0 = Release|x86
		{34A6F0DF-3AD5-4D0F-9193-F44D022948EF}.Release|x86.ActiveCfg = Release|x86
		{34A6F0DF-3AD5-4D0F-9193-F44D022948EF}.Release|x86.Build.0 = Release|x86
	EndGlobalSection
	GlobalSection(SolutionProperties) = preSolution
		HideSolutionNode = FALSE
	EndGlobalSection
EndGlobal
